
Microsoft Visual Studio Solution File, Format Version 12.00
# Visual Studio Version 17
VisualStudioVersion = 17.11.35327.3
MinimumVisualStudioVersion = 10.0.40219.1
Project("{8BC9CEB8-8B4A-11D0-8D11-00A0C91BC942}") = "Camel Case 4", "Camel Case 4\Camel Case 4.vcxproj", "{A39C12F6-D363-428D-AA87-D8DD09AB594A}"
EndProject
Global
	GlobalSection(SolutionConfigurationPlatforms) = preSolution
		Debug|x64 = Debug|x64
		Debug|x86 = Debug|x86
		Release|x64 = Release|x64
		Release|x86 = Release|x86
	EndGlobalSection
	GlobalSection(ProjectConfigurationPlatforms) = postSolution
		{A39C12F6-D363-428D-AA87-D8DD09AB594A}.Debug|x64.ActiveCfg = Debug|x64
		{A39C12F6-D363-428D-AA87-D8DD09AB594A}.Debug|x64.Build.0 = Debug|x64
		{A39C12F6-D363-428D-AA87-D8DD09AB594A}.Debug|x86.ActiveCfg = Debug|Win32
		{A39C12F6-D363-428D-AA87-D8DD09AB594A}.Debug|x86.Build.0 = Debug|Win32
		{A39C12F6-D363-428D-AA87-D8DD09AB594A}.Release|x64.ActiveCfg = Release|x64
		{A39C12F6-D363-428D-AA87-D8DD09AB594A}.Release|x64.Build.0 = Release|x64
		{A39C12F6-D363-428D-AA87-D8DD09AB594A}.Release|x86.ActiveCfg = Release|Win32
		{A39C12F6-D363-428D-AA87-D8DD09AB594A}.Release|x86.Build.0 = Release|Win32
	EndGlobalSection
	GlobalSection(SolutionProperties) = preSolution
		HideSolutionNode = FALSE
	EndGlobalSection
	GlobalSection(ExtensibilityGlobals) = postSolution
		SolutionGuid = {50E5CDA9-FD76-4445-8E54-BA762B0490ED}
	EndGlobalSection
EndGlobal
