
Microsoft Visual Studio Solution File, Format Version 12.00
# Visual Studio Version 17
VisualStudioVersion = 17.13.35825.156 d17.13
MinimumVisualStudioVersion = 10.0.40219.1
Project("{FAE04EC0-301F-11D3-BF4B-00C04F79EFBC}") = "Subarray Division 2", "Subarray Division 2\Subarray Division 2.csproj", "{60AC97D4-F60F-4748-AD52-A8E08D9F6E27}"
EndProject
Global
	GlobalSection(SolutionConfigurationPlatforms) = preSolution
		Debug|Any CPU = Debug|Any CPU
		Release|Any CPU = Release|Any CPU
	EndGlobalSection
	GlobalSection(ProjectConfigurationPlatforms) = postSolution
		{60AC97D4-F60F-4748-AD52-A8E08D9F6E27}.Debug|Any CPU.ActiveCfg = Debug|Any CPU
		{60AC97D4-F60F-4748-AD52-A8E08D9F6E27}.Debug|Any CPU.Build.0 = Debug|Any CPU
		{60AC97D4-F60F-4748-AD52-A8E08D9F6E27}.Release|Any CPU.ActiveCfg = Release|Any CPU
		{60AC97D4-F60F-4748-AD52-A8E08D9F6E27}.Release|Any CPU.Build.0 = Release|Any CPU
	EndGlobalSection
	GlobalSection(SolutionProperties) = preSolution
		HideSolutionNode = FALSE
	EndGlobalSection
	GlobalSection(ExtensibilityGlobals) = postSolution
		SolutionGuid = {86EDCEE8-62DB-4858-81E3-4635CD3B583A}
	EndGlobalSection
EndGlobal
