
Microsoft Visual Studio Solution File, Format Version 12.00
# Visual Studio Version 17
VisualStudioVersion = 17.13.35825.156 d17.13
MinimumVisualStudioVersion = 10.0.40219.1
Project("{FAE04EC0-301F-11D3-BF4B-00C04F79EFBC}") = "Zig Zag Sequence", "Zig Zag Sequence\Zig Zag Sequence.csproj", "{B64F46F6-984B-4EAF-8E5A-8E8E6872EEE7}"
EndProject
Global
	GlobalSection(SolutionConfigurationPlatforms) = preSolution
		Debug|Any CPU = Debug|Any CPU
		Release|Any CPU = Release|Any CPU
	EndGlobalSection
	GlobalSection(ProjectConfigurationPlatforms) = postSolution
		{B64F46F6-984B-4EAF-8E5A-8E8E6872EEE7}.Debug|Any CPU.ActiveCfg = Debug|Any CPU
		{B64F46F6-984B-4EAF-8E5A-8E8E6872EEE7}.Debug|Any CPU.Build.0 = Debug|Any CPU
		{B64F46F6-984B-4EAF-8E5A-8E8E6872EEE7}.Release|Any CPU.ActiveCfg = Release|Any CPU
		{B64F46F6-984B-4EAF-8E5A-8E8E6872EEE7}.Release|Any CPU.Build.0 = Release|Any CPU
	EndGlobalSection
	GlobalSection(SolutionProperties) = preSolution
		HideSolutionNode = FALSE
	EndGlobalSection
	GlobalSection(ExtensibilityGlobals) = postSolution
		SolutionGuid = {AB70D5C9-4B65-41FE-B68E-94529DF92629}
	EndGlobalSection
EndGlobal
