
Microsoft Visual Studio Solution File, Format Version 12.00
# Visual Studio Version 17
VisualStudioVersion = 17.13.35825.156 d17.13
MinimumVisualStudioVersion = 10.0.40219.1
Project("{FAE04EC0-301F-11D3-BF4B-00C04F79EFBC}") = "Drawing Book", "Drawing Book\Drawing Book.csproj", "{E8489022-D583-4B2B-AD16-19F1955B0D6C}"
EndProject
Global
	GlobalSection(SolutionConfigurationPlatforms) = preSolution
		Debug|Any CPU = Debug|Any CPU
		Release|Any CPU = Release|Any CPU
	EndGlobalSection
	GlobalSection(ProjectConfigurationPlatforms) = postSolution
		{E8489022-D583-4B2B-AD16-19F1955B0D6C}.Debug|Any CPU.ActiveCfg = Debug|Any CPU
		{E8489022-D583-4B2B-AD16-19F1955B0D6C}.Debug|Any CPU.Build.0 = Debug|Any CPU
		{E8489022-D583-4B2B-AD16-19F1955B0D6C}.Release|Any CPU.ActiveCfg = Release|Any CPU
		{E8489022-D583-4B2B-AD16-19F1955B0D6C}.Release|Any CPU.Build.0 = Release|Any CPU
	EndGlobalSection
	GlobalSection(SolutionProperties) = preSolution
		HideSolutionNode = FALSE
	EndGlobalSection
	GlobalSection(ExtensibilityGlobals) = postSolution
		SolutionGuid = {B11903DF-9419-41AC-9AA2-CFE9614F0BDD}
	EndGlobalSection
EndGlobal
